{
  "name": "newajs",
  "version": "1.0.0",
  "lockfileVersion": 3,
  "requires": true,
  "packages": {
    "": {
      "name": "newajs",
      "version": "1.0.0",
      "license": "ISC",
      "dependencies": {
        "@mikhail15011976/ajs": "^1.0.0"
      }
    },
    "node_modules/@mikhail15011976/ajs": {
      "version": "1.0.0",
      "resolved": "https://npm.pkg.github.com/download/@mikhail15011976/ajs/1.0.0/46fde8f037cfe977e1b0742c29f15da9d58d9440",
      "integrity": "sha512-m9BgLV6S8QaH8l7a4Mr/1BkTVmhnFuObrJznUApEuOpJT+ZVjCCLgwYrPPSMwtv65tLuapOw6homksOlUxKXtA==",
      "license": "ISC"
    }
  }
}
